
Microsoft Visual Studio Solution File, Format Version 12.00
# Visual Studio Version 16
VisualStudioVersion = 16.0.30002.166
MinimumVisualStudioVersion = 10.0.40219.1
Project("{FAE04EC0-301F-11D3-BF4B-00C04F79EFBC}") = "CursoFoop_SOLID_DIP", "CursoFoop_SOLID_DIP\CursoFoop_SOLID_DIP.csproj", "{937EB7DD-FC07-4A7E-AD1B-1584DC409DD3}"
EndProject
Global
	GlobalSection(SolutionConfigurationPlatforms) = preSolution
		Debug|Any CPU = Debug|Any CPU
		Release|Any CPU = Release|Any CPU
	EndGlobalSection
	GlobalSection(ProjectConfigurationPlatforms) = postSolution
		{937EB7DD-FC07-4A7E-AD1B-1584DC409DD3}.Debug|Any CPU.ActiveCfg = Debug|Any CPU
		{937EB7DD-FC07-4A7E-AD1B-1584DC409DD3}.Debug|Any CPU.Build.0 = Debug|Any CPU
		{937EB7DD-FC07-4A7E-AD1B-1584DC409DD3}.Release|Any CPU.ActiveCfg = Release|Any CPU
		{937EB7DD-FC07-4A7E-AD1B-1584DC409DD3}.Release|Any CPU.Build.0 = Release|Any CPU
	EndGlobalSection
	GlobalSection(SolutionProperties) = preSolution
		HideSolutionNode = FALSE
	EndGlobalSection
	GlobalSection(ExtensibilityGlobals) = postSolution
		SolutionGuid = {166B6BD2-5655-4495-8DDC-EF7917FB7302}
	EndGlobalSection
EndGlobal
