
Microsoft Visual Studio Solution File, Format Version 12.00
# Visual Studio Version 16
VisualStudioVersion = 16.0.30204.135
MinimumVisualStudioVersion = 10.0.40219.1
Project("{FAE04EC0-301F-11D3-BF4B-00C04F79EFBC}") = "CursoFoop_OCP_ExtensionMethods2", "CursoFoop_OCP_ExtensionMethods2\CursoFoop_OCP_ExtensionMethods2.csproj", "{77DE54FC-3D80-4EDF-8FAE-0E500F5FE08B}"
EndProject
Global
	GlobalSection(SolutionConfigurationPlatforms) = preSolution
		Debug|Any CPU = Debug|Any CPU
		Release|Any CPU = Release|Any CPU
	EndGlobalSection
	GlobalSection(ProjectConfigurationPlatforms) = postSolution
		{77DE54FC-3D80-4EDF-8FAE-0E500F5FE08B}.Debug|Any CPU.ActiveCfg = Debug|Any CPU
		{77DE54FC-3D80-4EDF-8FAE-0E500F5FE08B}.Debug|Any CPU.Build.0 = Debug|Any CPU
		{77DE54FC-3D80-4EDF-8FAE-0E500F5FE08B}.Release|Any CPU.ActiveCfg = Release|Any CPU
		{77DE54FC-3D80-4EDF-8FAE-0E500F5FE08B}.Release|Any CPU.Build.0 = Release|Any CPU
	EndGlobalSection
	GlobalSection(SolutionProperties) = preSolution
		HideSolutionNode = FALSE
	EndGlobalSection
	GlobalSection(ExtensibilityGlobals) = postSolution
		SolutionGuid = {56C847CC-DFDF-4FA3-BF0C-1C86A506CC0E}
	EndGlobalSection
EndGlobal
