
Microsoft Visual Studio Solution File, Format Version 12.00
# Visual Studio Version 16
VisualStudioVersion = 16.0.30002.166
MinimumVisualStudioVersion = 10.0.40219.1
Project("{9A19103F-16F7-4668-BE54-9A1E7A4F7556}") = "CursoFoop_LSP_Violacao", "CursoFoop_LSP_Violacao\CursoFoop_LSP_Violacao.csproj", "{3ECC0B2D-B4BD-42C0-8304-7D52F92B8DB2}"
EndProject
Global
	GlobalSection(SolutionConfigurationPlatforms) = preSolution
		Debug|Any CPU = Debug|Any CPU
		Release|Any CPU = Release|Any CPU
	EndGlobalSection
	GlobalSection(ProjectConfigurationPlatforms) = postSolution
		{3ECC0B2D-B4BD-42C0-8304-7D52F92B8DB2}.Debug|Any CPU.ActiveCfg = Debug|Any CPU
		{3ECC0B2D-B4BD-42C0-8304-7D52F92B8DB2}.Debug|Any CPU.Build.0 = Debug|Any CPU
		{3ECC0B2D-B4BD-42C0-8304-7D52F92B8DB2}.Release|Any CPU.ActiveCfg = Release|Any CPU
		{3ECC0B2D-B4BD-42C0-8304-7D52F92B8DB2}.Release|Any CPU.Build.0 = Release|Any CPU
	EndGlobalSection
	GlobalSection(SolutionProperties) = preSolution
		HideSolutionNode = FALSE
	EndGlobalSection
	GlobalSection(ExtensibilityGlobals) = postSolution
		SolutionGuid = {E7370764-5C1F-4B54-809C-A16D82FFB693}
	EndGlobalSection
EndGlobal
