
Microsoft Visual Studio Solution File, Format Version 12.00
# Visual Studio Version 16
VisualStudioVersion = 16.0.30002.166
MinimumVisualStudioVersion = 10.0.40219.1
Project("{FAE04EC0-301F-11D3-BF4B-00C04F79EFBC}") = "Aplicando_Principios_SOLID5", "Aplicando_Principios_SOLID5\Aplicando_Principios_SOLID5.csproj", "{A5B85FB9-11CC-4359-BCA9-5C979F80F883}"
EndProject
Global
	GlobalSection(SolutionConfigurationPlatforms) = preSolution
		Debug|Any CPU = Debug|Any CPU
		Release|Any CPU = Release|Any CPU
	EndGlobalSection
	GlobalSection(ProjectConfigurationPlatforms) = postSolution
		{A5B85FB9-11CC-4359-BCA9-5C979F80F883}.Debug|Any CPU.ActiveCfg = Debug|Any CPU
		{A5B85FB9-11CC-4359-BCA9-5C979F80F883}.Debug|Any CPU.Build.0 = Debug|Any CPU
		{A5B85FB9-11CC-4359-BCA9-5C979F80F883}.Release|Any CPU.ActiveCfg = Release|Any CPU
		{A5B85FB9-11CC-4359-BCA9-5C979F80F883}.Release|Any CPU.Build.0 = Release|Any CPU
	EndGlobalSection
	GlobalSection(SolutionProperties) = preSolution
		HideSolutionNode = FALSE
	EndGlobalSection
	GlobalSection(ExtensibilityGlobals) = postSolution
		SolutionGuid = {E29C05DC-A73D-4901-AE21-FEADDE8B79E1}
	EndGlobalSection
EndGlobal
