
Microsoft Visual Studio Solution File, Format Version 12.00
# Visual Studio Version 16
VisualStudioVersion = 16.0.30002.166
MinimumVisualStudioVersion = 10.0.40219.1
Project("{FAE04EC0-301F-11D3-BF4B-00C04F79EFBC}") = "Aplicando_Principios_SOLID4", "Aplicando_Principios_SOLID4\Aplicando_Principios_SOLID4.csproj", "{3CFEA95F-F074-4781-AE1B-4C2B192FA67A}"
EndProject
Global
	GlobalSection(SolutionConfigurationPlatforms) = preSolution
		Debug|Any CPU = Debug|Any CPU
		Release|Any CPU = Release|Any CPU
	EndGlobalSection
	GlobalSection(ProjectConfigurationPlatforms) = postSolution
		{3CFEA95F-F074-4781-AE1B-4C2B192FA67A}.Debug|Any CPU.ActiveCfg = Debug|Any CPU
		{3CFEA95F-F074-4781-AE1B-4C2B192FA67A}.Debug|Any CPU.Build.0 = Debug|Any CPU
		{3CFEA95F-F074-4781-AE1B-4C2B192FA67A}.Release|Any CPU.ActiveCfg = Release|Any CPU
		{3CFEA95F-F074-4781-AE1B-4C2B192FA67A}.Release|Any CPU.Build.0 = Release|Any CPU
	EndGlobalSection
	GlobalSection(SolutionProperties) = preSolution
		HideSolutionNode = FALSE
	EndGlobalSection
	GlobalSection(ExtensibilityGlobals) = postSolution
		SolutionGuid = {E79C1FFE-6EE7-4692-8F4D-C12D95162143}
	EndGlobalSection
EndGlobal
