
Microsoft Visual Studio Solution File, Format Version 12.00
# Visual Studio Version 16
VisualStudioVersion = 16.0.30002.166
MinimumVisualStudioVersion = 10.0.40219.1
Project("{FAE04EC0-301F-11D3-BF4B-00C04F79EFBC}") = "Aplicando_Principios_SOLID6", "Aplicando_Principios_SOLID6\Aplicando_Principios_SOLID6.csproj", "{E05E98FC-C786-431F-B57E-6C80EC5FE200}"
EndProject
Global
	GlobalSection(SolutionConfigurationPlatforms) = preSolution
		Debug|Any CPU = Debug|Any CPU
		Release|Any CPU = Release|Any CPU
	EndGlobalSection
	GlobalSection(ProjectConfigurationPlatforms) = postSolution
		{E05E98FC-C786-431F-B57E-6C80EC5FE200}.Debug|Any CPU.ActiveCfg = Debug|Any CPU
		{E05E98FC-C786-431F-B57E-6C80EC5FE200}.Debug|Any CPU.Build.0 = Debug|Any CPU
		{E05E98FC-C786-431F-B57E-6C80EC5FE200}.Release|Any CPU.ActiveCfg = Release|Any CPU
		{E05E98FC-C786-431F-B57E-6C80EC5FE200}.Release|Any CPU.Build.0 = Release|Any CPU
	EndGlobalSection
	GlobalSection(SolutionProperties) = preSolution
		HideSolutionNode = FALSE
	EndGlobalSection
	GlobalSection(ExtensibilityGlobals) = postSolution
		SolutionGuid = {6E967252-0EBE-4DAF-93ED-835D6093926A}
	EndGlobalSection
EndGlobal
