
Microsoft Visual Studio Solution File, Format Version 12.00
# Visual Studio Version 16
VisualStudioVersion = 16.0.30002.166
MinimumVisualStudioVersion = 10.0.40219.1
Project("{FAE04EC0-301F-11D3-BF4B-00C04F79EFBC}") = "OCP_Violacao", "OCP_Violacao\OCP_Violacao.csproj", "{0ECA64DA-A969-411A-9144-026E5D30719E}"
EndProject
Project("{FAE04EC0-301F-11D3-BF4B-00C04F79EFBC}") = "OCP_Aderente", "OCP_Aderente\OCP_Aderente.csproj", "{A65B220C-0CD7-4A31-A060-86DD48694C52}"
EndProject
Global
	GlobalSection(SolutionConfigurationPlatforms) = preSolution
		Debug|Any CPU = Debug|Any CPU
		Release|Any CPU = Release|Any CPU
	EndGlobalSection
	GlobalSection(ProjectConfigurationPlatforms) = postSolution
		{0ECA64DA-A969-411A-9144-026E5D30719E}.Debug|Any CPU.ActiveCfg = Debug|Any CPU
		{0ECA64DA-A969-411A-9144-026E5D30719E}.Debug|Any CPU.Build.0 = Debug|Any CPU
		{0ECA64DA-A969-411A-9144-026E5D30719E}.Release|Any CPU.ActiveCfg = Release|Any CPU
		{0ECA64DA-A969-411A-9144-026E5D30719E}.Release|Any CPU.Build.0 = Release|Any CPU
		{A65B220C-0CD7-4A31-A060-86DD48694C52}.Debug|Any CPU.ActiveCfg = Debug|Any CPU
		{A65B220C-0CD7-4A31-A060-86DD48694C52}.Debug|Any CPU.Build.0 = Debug|Any CPU
		{A65B220C-0CD7-4A31-A060-86DD48694C52}.Release|Any CPU.ActiveCfg = Release|Any CPU
		{A65B220C-0CD7-4A31-A060-86DD48694C52}.Release|Any CPU.Build.0 = Release|Any CPU
	EndGlobalSection
	GlobalSection(SolutionProperties) = preSolution
		HideSolutionNode = FALSE
	EndGlobalSection
	GlobalSection(ExtensibilityGlobals) = postSolution
		SolutionGuid = {C8E4BD63-BFF7-4BE3-9ACE-7644F88107DE}
	EndGlobalSection
EndGlobal
